
Microsoft Visual Studio Solution File, Format Version 12.00
# Visual Studio Version 17
VisualStudioVersion = 17.0.31903.59
MinimumVisualStudioVersion = 10.0.40219.1
Project("{2150E333-8FDC-42A3-9474-1A3956D46DE8}") = "src", "src", "{3F9C0B27-8D4E-4A6B-B2C1-5E7D9A0F1C22}"
EndProject
Project("{FAE04EC0-301F-11D3-BF4B-00C04F79EFBC}") = "PortalLines", "src\PortalLines\PortalLines.csproj", "{7A1E2C44-5B6D-4F3A-9C1E-0D2B8E6F4A11}"
EndProject
Global
	GlobalSection(SolutionConfigurationPlatforms) = preSolution
		Debug|Any CPU = Debug|Any CPU
		Release|Any CPU = Release|Any CPU
	EndGlobalSection
	GlobalSection(SolutionProperties) = preSolution
		HideSolutionNode = FALSE
	EndGlobalSection
	GlobalSection(ProjectConfigurationPlatforms) = postSolution
		{7A1E2C44-5B6D-4F3A-9C1E-0D2B8E6F4A11}.Debug|Any CPU.ActiveCfg = Debug|Any CPU
		{7A1E2C44-5B6D-4F3A-9C1E-0D2B8E6F4A11}.Debug|Any CPU.Build.0 = Debug|Any CPU
		{7A1E2C44-5B6D-4F3A-9C1E-0D2B8E6F4A11}.Release|Any CPU.ActiveCfg = Release|Any CPU
		{7A1E2C44-5B6D-4F3A-9C1E-0D2B8E6F4A11}.Release|Any CPU.Build.0 = Release|Any CPU
	EndGlobalSection
	GlobalSection(NestedProjects) = preSolution
		{7A1E2C44-5B6D-4F3A-9C1E-0D2B8E6F4A11} = {3F9C0B27-8D4E-4A6B-B2C1-5E7D9A0F1C22}
	EndGlobalSection
EndGlobal
